// !$*UTF8*$!
{
	archiveVersion = 1;
	classes = {
	};
	objectVersion = 51;
	objects = {

/* Begin PBXBuildFile section */
		29113A0D24FA8BB400B5B9BC /* ChatViewController.swift in Sources */ = {isa = PBXBuildFile; fileRef = 29113A0C24FA8BB400B5B9BC /* ChatViewController.swift */; };
		29113A0F24FA8E6F00B5B9BC /* GoogleService-Info.plist in Resources */ = {isa = PBXBuildFile; fileRef = 29113A0E24FA8E6F00B5B9BC /* GoogleService-Info.plist */; };
		29113A1624FAAEDB00B5B9BC /* Message.swift in Sources */ = {isa = PBXBuildFile; fileRef = 29113A1524FAAEDB00B5B9BC /* Message.swift */; };
		29113A1A24FAB15500B5B9BC /* ChatMessageViewController.swift in Sources */ = {isa = PBXBuildFile; fileRef = 29113A1924FAB15500B5B9BC /* ChatMessageViewController.swift */; };
		29113A1C24FAB43600B5B9BC /* LoginViewController.swift in Sources */ = {isa = PBXBuildFile; fileRef = 29113A1B24FAB43600B5B9BC /* LoginViewController.swift */; };
		29113A1F24FCF81800B5B9BC /* ChatTableViewCell.swift in Sources */ = {isa = PBXBuildFile; fileRef = 29113A1D24FCF81800B5B9BC /* ChatTableViewCell.swift */; };
		29113A2024FCF81800B5B9BC /* ChatTableViewCell.xib in Resources */ = {isa = PBXBuildFile; fileRef = 29113A1E24FCF81800B5B9BC /* ChatTableViewCell.xib */; };
		29113A2224FD045900B5B9BC /* icon0032.png in Resources */ = {isa = PBXBuildFile; fileRef = 29113A2124FD045800B5B9BC /* icon0032.png */; };
		29113A2524FD0C4500B5B9BC /* OtherChatTableViewCell.swift in Sources */ = {isa = PBXBuildFile; fileRef = 29113A2324FD0C4500B5B9BC /* OtherChatTableViewCell.swift */; };
		29113A2624FD0C4500B5B9BC /* OtherChatTableViewCell.xib in Resources */ = {isa = PBXBuildFile; fileRef = 29113A2424FD0C4500B5B9BC /* OtherChatTableViewCell.xib */; };
		298F454324ED351E00E60CAB /* AppDelegate.swift in Sources */ = {isa = PBXBuildFile; fileRef = 298F454224ED351E00E60CAB /* AppDelegate.swift */; };
		298F454524ED351E00E60CAB /* SceneDelegate.swift in Sources */ = {isa = PBXBuildFile; fileRef = 298F454424ED351E00E60CAB /* SceneDelegate.swift */; };
		298F454724ED351E00E60CAB /* ViewController.swift in Sources */ = {isa = PBXBuildFile; fileRef = 298F454624ED351E00E60CAB /* ViewController.swift */; };
		298F454A24ED351E00E60CAB /* Main.storyboard in Resources */ = {isa = PBXBuildFile; fileRef = 298F454824ED351E00E60CAB /* Main.storyboard */; };
		298F454C24ED352000E60CAB /* Assets.xcassets in Resources */ = {isa = PBXBuildFile; fileRef = 298F454B24ED352000E60CAB /* Assets.xcassets */; };
		298F454F24ED352000E60CAB /* LaunchScreen.storyboard in Resources */ = {isa = PBXBuildFile; fileRef = 298F454D24ED352000E60CAB /* LaunchScreen.storyboard */; };
		298F455A24ED352000E60CAB /* TikTokAppTests.swift in Sources */ = {isa = PBXBuildFile; fileRef = 298F455924ED352000E60CAB /* TikTokAppTests.swift */; };
		298F456724ED366D00E60CAB /* CustomTableViewCell.xib in Resources */ = {isa = PBXBuildFile; fileRef = 298F456524ED366D00E60CAB /* CustomTableViewCell.xib */; };
		298F456824ED366D00E60CAB /* CustomTableViewCell.swift in Sources */ = {isa = PBXBuildFile; fileRef = 298F456624ED366D00E60CAB /* CustomTableViewCell.swift */; };
		298F456F24ED368400E60CAB /* OverCurrentTransitioningInteractor.swift in Sources */ = {isa = PBXBuildFile; fileRef = 298F456924ED368400E60CAB /* OverCurrentTransitioningInteractor.swift */; };
		298F457024ED368400E60CAB /* SemiModalViewController.swift in Sources */ = {isa = PBXBuildFile; fileRef = 298F456A24ED368400E60CAB /* SemiModalViewController.swift */; };
		298F457124ED368400E60CAB /* OverCurrentTransitionable.swift in Sources */ = {isa = PBXBuildFile; fileRef = 298F456B24ED368400E60CAB /* OverCurrentTransitionable.swift */; };
		298F457224ED368400E60CAB /* ModalPresentationController.swift in Sources */ = {isa = PBXBuildFile; fileRef = 298F456C24ED368400E60CAB /* ModalPresentationController.swift */; };
		298F457324ED368400E60CAB /* DismissAnimator.swift in Sources */ = {isa = PBXBuildFile; fileRef = 298F456D24ED368400E60CAB /* DismissAnimator.swift */; };
		298F458424ED36C600E60CAB /* スクリーンショット 2020-08-16 20.48.19.png in Resources */ = {isa = PBXBuildFile; fileRef = 298F457624ED36C600E60CAB /* スクリーンショット 2020-08-16 20.48.19.png */; };
		298F458524ED36C600E60CAB /* cellHeart.png in Resources */ = {isa = PBXBuildFile; fileRef = 298F457724ED36C600E60CAB /* cellHeart.png */; };
		298F458624ED36C600E60CAB /* RedHeart.png in Resources */ = {isa = PBXBuildFile; fileRef = 298F457824ED36C600E60CAB /* RedHeart.png */; };
		298F458724ED36C600E60CAB /* ハートのアイコン素材 1.png in Resources */ = {isa = PBXBuildFile; fileRef = 298F457924ED36C600E60CAB /* ハートのアイコン素材 1.png */; };
		298F458824ED36C600E60CAB /* コメントのアイコン素材 その3 (1).png in Resources */ = {isa = PBXBuildFile; fileRef = 298F457A24ED36C600E60CAB /* コメントのアイコン素材 その3 (1).png */; };
		298F458924ED36C600E60CAB /* banana.png in Resources */ = {isa = PBXBuildFile; fileRef = 298F457B24ED36C600E60CAB /* banana.png */; };
		298F458A24ED36C600E60CAB /* シェア矢印アイコン.png in Resources */ = {isa = PBXBuildFile; fileRef = 298F457C24ED36C600E60CAB /* シェア矢印アイコン.png */; };
		298F458B24ED36C600E60CAB /* banana (1).png in Resources */ = {isa = PBXBuildFile; fileRef = 298F457D24ED36C600E60CAB /* banana (1).png */; };
		298F458C24ED36C600E60CAB /* 家の線画イラスト (1).png in Resources */ = {isa = PBXBuildFile; fileRef = 298F457E24ED36C600E60CAB /* 家の線画イラスト (1).png */; };
		298F458E24ED36C600E60CAB /* E38390E3838AE3838A.png in Resources */ = {isa = PBXBuildFile; fileRef = 298F458024ED36C600E60CAB /* E38390E3838AE3838A.png */; };
		298F458F24ED36C600E60CAB /* 家の線画イラスト.png in Resources */ = {isa = PBXBuildFile; fileRef = 298F458124ED36C600E60CAB /* 家の線画イラスト.png */; };
		298F459024ED36C600E60CAB /* IMG_0087.JPG in Resources */ = {isa = PBXBuildFile; fileRef = 298F458224ED36C600E60CAB /* IMG_0087.JPG */; };
		298F459124ED36C600E60CAB /* スクリーンショット 2020-08-16 22.16.42.png in Resources */ = {isa = PBXBuildFile; fileRef = 298F458324ED36C600E60CAB /* スクリーンショット 2020-08-16 22.16.42.png */; };
		298F459524ED36FC00E60CAB /* ColorTabBarController.swift in Sources */ = {isa = PBXBuildFile; fileRef = 298F459324ED36FC00E60CAB /* ColorTabBarController.swift */; };
		298F459624ED36FC00E60CAB /* tabBarColor.swift in Sources */ = {isa = PBXBuildFile; fileRef = 298F459424ED36FC00E60CAB /* tabBarColor.swift */; };
		298F459B24ED38AC00E60CAB /* SemiModalViewController.storyboard in Resources */ = {isa = PBXBuildFile; fileRef = 298F459A24ED38AC00E60CAB /* SemiModalViewController.storyboard */; };
		298F45A124ED3AC800E60CAB /* ShareModalViewController.storyboard in Resources */ = {isa = PBXBuildFile; fileRef = 298F45A024ED3AC700E60CAB /* ShareModalViewController.storyboard */; };
		298F45A324ED3C0000E60CAB /* ShareViewController.swift in Sources */ = {isa = PBXBuildFile; fileRef = 298F45A224ED3C0000E60CAB /* ShareViewController.swift */; };
		298F45A924ED726D00E60CAB /* messangericon.png in Resources */ = {isa = PBXBuildFile; fileRef = 298F45A424ED726D00E60CAB /* messangericon.png */; };
		298F45AA24ED726D00E60CAB /* twittericon.png in Resources */ = {isa = PBXBuildFile; fileRef = 298F45A524ED726D00E60CAB /* twittericon.png */; };
		298F45AB24ED726D00E60CAB /* facebookicon.png in Resources */ = {isa = PBXBuildFile; fileRef = 298F45A624ED726D00E60CAB /* facebookicon.png */; };
		298F45AC24ED726D00E60CAB /* instagramicom.png in Resources */ = {isa = PBXBuildFile; fileRef = 298F45A724ED726D00E60CAB /* instagramicom.png */; };
		298F45AD24ED726D00E60CAB /* lineicon.png in Resources */ = {isa = PBXBuildFile; fileRef = 298F45A824ED726D00E60CAB /* lineicon.png */; };
		298F45AF24EE918E00E60CAB /* フラッグアイコン14.png in Resources */ = {isa = PBXBuildFile; fileRef = 298F45AE24EE918E00E60CAB /* フラッグアイコン14.png */; };
		298F45B124EE926A00E60CAB /* フラッグアイコン142.png in Resources */ = {isa = PBXBuildFile; fileRef = 298F45B024EE926A00E60CAB /* フラッグアイコン142.png */; };
		298F45B624EE938100E60CAB /* 失恋アイコン2.png in Resources */ = {isa = PBXBuildFile; fileRef = 298F45B524EE938100E60CAB /* 失恋アイコン2.png */; };
		298F45B824EE940400E60CAB /* 無料のダウンロードのアイコン素材.png in Resources */ = {isa = PBXBuildFile; fileRef = 298F45B724EE940400E60CAB /* 無料のダウンロードのアイコン素材.png */; };
		298F45BA24EE94C300E60CAB /* ブックマークのアイコン4.png in Resources */ = {isa = PBXBuildFile; fileRef = 298F45B924EE94C300E60CAB /* ブックマークのアイコン4.png */; };
		298F45BC24EEB81D00E60CAB /* 画面収録 2020-08-05 20.22.20.mov in Resources */ = {isa = PBXBuildFile; fileRef = 298F45BB24EEB81D00E60CAB /* 画面収録 2020-08-05 20.22.20.mov */; };
		298F45BE24EEB8D200E60CAB /* IMG_2227.mov in Resources */ = {isa = PBXBuildFile; fileRef = 298F45BD24EEB8D200E60CAB /* IMG_2227.mov */; };
		298F45C024EFBBF400E60CAB /* IMG_2182.mov in Resources */ = {isa = PBXBuildFile; fileRef = 298F45BF24EFBBF400E60CAB /* IMG_2182.mov */; };
		298F45C424EFBD4000E60CAB /* マイムービー 1.mov in Resources */ = {isa = PBXBuildFile; fileRef = 298F45C324EFBD4000E60CAB /* マイムービー 1.mov */; };
		298F45C624EFC5D000E60CAB /* tabaco.png in Resources */ = {isa = PBXBuildFile; fileRef = 298F45C524EFC5D000E60CAB /* tabaco.png */; };
		298F45C824EFC66100E60CAB /* tabacoIcon.png in Resources */ = {isa = PBXBuildFile; fileRef = 298F45C724EFC66100E60CAB /* tabacoIcon.png */; };
		585358C47D4E9A667CCA1032 /* Pods_TikTokApp.framework in Frameworks */ = {isa = PBXBuildFile; fileRef = 413A7E00B46D6AB4A9B51BAF /* Pods_TikTokApp.framework */; };
		B8918E054CCD44C2997282CE /* Pods_TikTokAppTests.framework in Frameworks */ = {isa = PBXBuildFile; fileRef = C43930392BDC344302849852 /* Pods_TikTokAppTests.framework */; };
/* End PBXBuildFile section */

/* Begin PBXContainerItemProxy section */
		298F455624ED352000E60CAB /* PBXContainerItemProxy */ = {
			isa = PBXContainerItemProxy;
			containerPortal = 298F453724ED351E00E60CAB /* Project object */;
			proxyType = 1;
			remoteGlobalIDString = 298F453E24ED351E00E60CAB;
			remoteInfo = TikTokApp;
		};
/* End PBXContainerItemProxy section */

/* Begin PBXFileReference section */
		00911D69E89BCA2AD9FEC147 /* Pods-TikTokAppTests.release.xcconfig */ = {isa = PBXFileReference; includeInIndex = 1; lastKnownFileType = text.xcconfig; name = "Pods-TikTokAppTests.release.xcconfig"; path = "Target Support Files/Pods-TikTokAppTests/Pods-TikTokAppTests.release.xcconfig"; sourceTree = "<group>"; };
		1A9258A60FAADB1E1CA30F5B /* Pods-TikTokAppTests.debug.xcconfig */ = {isa = PBXFileReference; includeInIndex = 1; lastKnownFileType = text.xcconfig; name = "Pods-TikTokAppTests.debug.xcconfig"; path = "Target Support Files/Pods-TikTokAppTests/Pods-TikTokAppTests.debug.xcconfig"; sourceTree = "<group>"; };
		29113A0C24FA8BB400B5B9BC /* ChatViewController.swift */ = {isa = PBXFileReference; lastKnownFileType = sourcecode.swift; path = ChatViewController.swift; sourceTree = "<group>"; };
		29113A0E24FA8E6F00B5B9BC /* GoogleService-Info.plist */ = {isa = PBXFileReference; fileEncoding = 4; lastKnownFileType = text.plist.xml; name = "GoogleService-Info.plist"; path = "../../../Downloads/GoogleService-Info.plist"; sourceTree = "<group>"; };
		29113A1524FAAEDB00B5B9BC /* Message.swift */ = {isa = PBXFileReference; lastKnownFileType = sourcecode.swift; path = Message.swift; sourceTree = "<group>"; };
		29113A1924FAB15500B5B9BC /* ChatMessageViewController.swift */ = {isa = PBXFileReference; lastKnownFileType = sourcecode.swift; path = ChatMessageViewController.swift; sourceTree = "<group>"; };
		29113A1B24FAB43600B5B9BC /* LoginViewController.swift */ = {isa = PBXFileReference; lastKnownFileType = sourcecode.swift; path = LoginViewController.swift; sourceTree = "<group>"; };
		29113A1D24FCF81800B5B9BC /* ChatTableViewCell.swift */ = {isa = PBXFileReference; lastKnownFileType = sourcecode.swift; path = ChatTableViewCell.swift; sourceTree = "<group>"; };
		29113A1E24FCF81800B5B9BC /* ChatTableViewCell.xib */ = {isa = PBXFileReference; lastKnownFileType = file.xib; path = ChatTableViewCell.xib; sourceTree = "<group>"; };
		29113A2124FD045800B5B9BC /* icon0032.png */ = {isa = PBXFileReference; lastKnownFileType = image.png; name = icon0032.png; path = ../../../../Downloads/icon0032.png; sourceTree = "<group>"; };
		29113A2324FD0C4500B5B9BC /* OtherChatTableViewCell.swift */ = {isa = PBXFileReference; lastKnownFileType = sourcecode.swift; path = OtherChatTableViewCell.swift; sourceTree = "<group>"; };
		29113A2424FD0C4500B5B9BC /* OtherChatTableViewCell.xib */ = {isa = PBXFileReference; lastKnownFileType = file.xib; path = OtherChatTableViewCell.xib; sourceTree = "<group>"; };
		298F453F24ED351E00E60CAB /* TikTokApp.app */ = {isa = PBXFileReference; explicitFileType = wrapper.application; includeInIndex = 0; path = TikTokApp.app; sourceTree = BUILT_PRODUCTS_DIR; };
		298F454224ED351E00E60CAB /* AppDelegate.swift */ = {isa = PBXFileReference; lastKnownFileType = sourcecode.swift; path = AppDelegate.swift; sourceTree = "<group>"; };
		298F454424ED351E00E60CAB /* SceneDelegate.swift */ = {isa = PBXFileReference; lastKnownFileType = sourcecode.swift; path = SceneDelegate.swift; sourceTree = "<group>"; };
		298F454624ED351E00E60CAB /* ViewController.swift */ = {isa = PBXFileReference; lastKnownFileType = sourcecode.swift; path = ViewController.swift; sourceTree = "<group>"; };
		298F454924ED351E00E60CAB /* Base */ = {isa = PBXFileReference; lastKnownFileType = file.storyboard; name = Base; path = Base.lproj/Main.storyboard; sourceTree = "<group>"; };
		298F454B24ED352000E60CAB /* Assets.xcassets */ = {isa = PBXFileReference; lastKnownFileType = folder.assetcatalog; path = Assets.xcassets; sourceTree = "<group>"; };
		298F454E24ED352000E60CAB /* Base */ = {isa = PBXFileReference; lastKnownFileType = file.storyboard; name = Base; path = Base.lproj/LaunchScreen.storyboard; sourceTree = "<group>"; };
		298F455024ED352000E60CAB /* Info.plist */ = {isa = PBXFileReference; lastKnownFileType = text.plist.xml; path = Info.plist; sourceTree = "<group>"; };
		298F455524ED352000E60CAB /* TikTokAppTests.xctest */ = {isa = PBXFileReference; explicitFileType = wrapper.cfbundle; includeInIndex = 0; path = TikTokAppTests.xctest; sourceTree = BUILT_PRODUCTS_DIR; };
		298F455924ED352000E60CAB /* TikTokAppTests.swift */ = {isa = PBXFileReference; lastKnownFileType = sourcecode.swift; path = TikTokAppTests.swift; sourceTree = "<group>"; };
		298F455B24ED352000E60CAB /* Info.plist */ = {isa = PBXFileReference; lastKnownFileType = text.plist.xml; path = Info.plist; sourceTree = "<group>"; };
		298F456524ED366D00E60CAB /* CustomTableViewCell.xib */ = {isa = PBXFileReference; fileEncoding = 4; lastKnownFileType = file.xib; path = CustomTableViewCell.xib; sourceTree = "<group>"; };
		298F456624ED366D00E60CAB /* CustomTableViewCell.swift */ = {isa = PBXFileReference; fileEncoding = 4; lastKnownFileType = sourcecode.swift; path = CustomTableViewCell.swift; sourceTree = "<group>"; };
		298F456924ED368400E60CAB /* OverCurrentTransitioningInteractor.swift */ = {isa = PBXFileReference; fileEncoding = 4; lastKnownFileType = sourcecode.swift; name = OverCurrentTransitioningInteractor.swift; path = ../../../../SwiftDemo/SemiModalVerticalOverCurrentTransitioning/SemiModalOverCurrentTransitioning/OverCurrentTransitioningInteractor.swift; sourceTree = "<group>"; };
		298F456A24ED368400E60CAB /* SemiModalViewController.swift */ = {isa = PBXFileReference; fileEncoding = 4; lastKnownFileType = sourcecode.swift; name = SemiModalViewController.swift; path = ../../../../SwiftDemo/SemiModalVerticalOverCurrentTransitioning/SemiModalOverCurrentTransitioning/SemiModalViewController.swift; sourceTree = "<group>"; };
		298F456B24ED368400E60CAB /* OverCurrentTransitionable.swift */ = {isa = PBXFileReference; fileEncoding = 4; lastKnownFileType = sourcecode.swift; name = OverCurrentTransitionable.swift; path = ../../../../SwiftDemo/SemiModalVerticalOverCurrentTransitioning/SemiModalOverCurrentTransitioning/OverCurrentTransitionable.swift; sourceTree = "<group>"; };
		298F456C24ED368400E60CAB /* ModalPresentationController.swift */ = {isa = PBXFileReference; fileEncoding = 4; lastKnownFileType = sourcecode.swift; name = ModalPresentationController.swift; path = ../../../../SwiftDemo/SemiModalVerticalOverCurrentTransitioning/SemiModalOverCurrentTransitioning/ModalPresentationController.swift; sourceTree = "<group>"; };
		298F456D24ED368400E60CAB /* DismissAnimator.swift */ = {isa = PBXFileReference; fileEncoding = 4; lastKnownFileType = sourcecode.swift; name = DismissAnimator.swift; path = ../../../../SwiftDemo/SemiModalVerticalOverCurrentTransitioning/SemiModalOverCurrentTransitioning/DismissAnimator.swift; sourceTree = "<group>"; };
		298F457624ED36C600E60CAB /* スクリーンショット 2020-08-16 20.48.19.png */ = {isa = PBXFileReference; lastKnownFileType = image.png; name = "スクリーンショット 2020-08-16 20.48.19.png"; path = "../../../スクリーンショット 2020-08-16 20.48.19.png"; sourceTree = "<group>"; };
		298F457724ED36C600E60CAB /* cellHeart.png */ = {isa = PBXFileReference; lastKnownFileType = image.png; name = cellHeart.png; path = ../../../../Downloads/cellHeart.png; sourceTree = "<group>"; };
		298F457824ED36C600E60CAB /* RedHeart.png */ = {isa = PBXFileReference; lastKnownFileType = image.png; name = RedHeart.png; path = ../../../../Downloads/RedHeart.png; sourceTree = "<group>"; };
		298F457924ED36C600E60CAB /* ハートのアイコン素材 1.png */ = {isa = PBXFileReference; lastKnownFileType = image.png; name = "ハートのアイコン素材 1.png"; path = "../../../../Downloads/ハートのアイコン素材 1.png"; sourceTree = "<group>"; };
		298F457A24ED36C600E60CAB /* コメントのアイコン素材 その3 (1).png */ = {isa = PBXFileReference; lastKnownFileType = image.png; name = "コメントのアイコン素材 その3 (1).png"; path = "../../../../Downloads/コメントのアイコン素材 その3 (1).png"; sourceTree = "<group>"; };
		298F457B24ED36C600E60CAB /* banana.png */ = {isa = PBXFileReference; lastKnownFileType = image.png; name = banana.png; path = ../../../../Downloads/banana.png; sourceTree = "<group>"; };
		298F457C24ED36C600E60CAB /* シェア矢印アイコン.png */ = {isa = PBXFileReference; lastKnownFileType = image.png; name = "シェア矢印アイコン.png"; path = "../../../../Downloads/シェア矢印アイコン.png"; sourceTree = "<group>"; };
		298F457D24ED36C600E60CAB /* banana (1).png */ = {isa = PBXFileReference; lastKnownFileType = image.png; name = "banana (1).png"; path = "../../../../Downloads/banana (1).png"; sourceTree = "<group>"; };
		298F457E24ED36C600E60CAB /* 家の線画イラスト (1).png */ = {isa = PBXFileReference; lastKnownFileType = image.png; name = "家の線画イラスト (1).png"; path = "../../../../Downloads/家の線画イラスト (1).png"; sourceTree = "<group>"; };
		298F458024ED36C600E60CAB /* E38390E3838AE3838A.png */ = {isa = PBXFileReference; lastKnownFileType = image.png; name = E38390E3838AE3838A.png; path = ../../../../.Trash/E38390E3838AE3838A.png; sourceTree = "<group>"; };
		298F458124ED36C600E60CAB /* 家の線画イラスト.png */ = {isa = PBXFileReference; lastKnownFileType = image.png; name = "家の線画イラスト.png"; path = "../../../../Downloads/家の線画イラスト.png"; sourceTree = "<group>"; };
		298F458224ED36C600E60CAB /* IMG_0087.JPG */ = {isa = PBXFileReference; lastKnownFileType = image.jpeg; name = IMG_0087.JPG; path = ../../../../Downloads/IMG_0087.JPG; sourceTree = "<group>"; };
		298F458324ED36C600E60CAB /* スクリーンショット 2020-08-16 22.16.42.png */ = {isa = PBXFileReference; lastKnownFileType = image.png; name = "スクリーンショット 2020-08-16 22.16.42.png"; path = "../../../スクリーンショット 2020-08-16 22.16.42.png"; sourceTree = "<group>"; };
		298F459324ED36FC00E60CAB /* ColorTabBarController.swift */ = {isa = PBXFileReference; fileEncoding = 4; lastKnownFileType = sourcecode.swift; path = ColorTabBarController.swift; sourceTree = "<group>"; };
		298F459424ED36FC00E60CAB /* tabBarColor.swift */ = {isa = PBXFileReference; fileEncoding = 4; lastKnownFileType = sourcecode.swift; path = tabBarColor.swift; sourceTree = "<group>"; };
		298F459A24ED38AC00E60CAB /* SemiModalViewController.storyboard */ = {isa = PBXFileReference; fileEncoding = 4; lastKnownFileType = file.storyboard; name = SemiModalViewController.storyboard; path = ../../../../.Trash/SemiModalViewController.storyboard; sourceTree = "<group>"; };
		298F45A024ED3AC700E60CAB /* ShareModalViewController.storyboard */ = {isa = PBXFileReference; lastKnownFileType = file.storyboard; path = ShareModalViewController.storyboard; sourceTree = "<group>"; };
		298F45A224ED3C0000E60CAB /* ShareViewController.swift */ = {isa = PBXFileReference; lastKnownFileType = sourcecode.swift; path = ShareViewController.swift; sourceTree = "<group>"; };
		298F45A424ED726D00E60CAB /* messangericon.png */ = {isa = PBXFileReference; lastKnownFileType = image.png; name = messangericon.png; path = ../../../../Downloads/messangericon.png; sourceTree = "<group>"; };
		298F45A524ED726D00E60CAB /* twittericon.png */ = {isa = PBXFileReference; lastKnownFileType = image.png; name = twittericon.png; path = ../../../../Downloads/twittericon.png; sourceTree = "<group>"; };
		298F45A624ED726D00E60CAB /* facebookicon.png */ = {isa = PBXFileReference; lastKnownFileType = image.png; name = facebookicon.png; path = ../../../../Downloads/facebookicon.png; sourceTree = "<group>"; };
		298F45A724ED726D00E60CAB /* instagramicom.png */ = {isa = PBXFileReference; lastKnownFileType = image.png; name = instagramicom.png; path = ../../../../Downloads/instagramicom.png; sourceTree = "<group>"; };
		298F45A824ED726D00E60CAB /* lineicon.png */ = {isa = PBXFileReference; lastKnownFileType = image.png; name = lineicon.png; path = ../../../../Downloads/lineicon.png; sourceTree = "<group>"; };
		298F45AE24EE918E00E60CAB /* フラッグアイコン14.png */ = {isa = PBXFileReference; lastKnownFileType = image.png; name = "フラッグアイコン14.png"; path = "../../../../Downloads/フラッグアイコン14.png"; sourceTree = "<group>"; };
		298F45B024EE926A00E60CAB /* フラッグアイコン142.png */ = {isa = PBXFileReference; lastKnownFileType = image.png; name = "フラッグアイコン142.png"; path = "../../../../Downloads/フラッグアイコン142.png"; sourceTree = "<group>"; };
		298F45B524EE938100E60CAB /* 失恋アイコン2.png */ = {isa = PBXFileReference; lastKnownFileType = image.png; name = "失恋アイコン2.png"; path = "../../../../Downloads/失恋アイコン2.png"; sourceTree = "<group>"; };
		298F45B724EE940400E60CAB /* 無料のダウンロードのアイコン素材.png */ = {isa = PBXFileReference; lastKnownFileType = image.png; name = "無料のダウンロードのアイコン素材.png"; path = "../../../../Downloads/無料のダウンロードのアイコン素材.png"; sourceTree = "<group>"; };
		298F45B924EE94C300E60CAB /* ブックマークのアイコン4.png */ = {isa = PBXFileReference; lastKnownFileType = image.png; name = "ブックマークのアイコン4.png"; path = "../../../../Downloads/ブックマークのアイコン4.png"; sourceTree = "<group>"; };
		298F45BB24EEB81D00E60CAB /* 画面収録 2020-08-05 20.22.20.mov */ = {isa = PBXFileReference; lastKnownFileType = video.quicktime; name = "画面収録 2020-08-05 20.22.20.mov"; path = "../../../画面収録 2020-08-05 20.22.20.mov"; sourceTree = "<group>"; };
		298F45BD24EEB8D200E60CAB /* IMG_2227.mov */ = {isa = PBXFileReference; lastKnownFileType = video.quicktime; name = IMG_2227.mov; path = ../../../../Downloads/IMG_2227.mov; sourceTree = "<group>"; };
		298F45BF24EFBBF400E60CAB /* IMG_2182.mov */ = {isa = PBXFileReference; lastKnownFileType = video.quicktime; name = IMG_2182.mov; path = ../../../../Downloads/IMG_2182.mov; sourceTree = "<group>"; };
		298F45C324EFBD4000E60CAB /* マイムービー 1.mov */ = {isa = PBXFileReference; lastKnownFileType = video.quicktime; name = "マイムービー 1.mov"; path = "../../../../Documents/マイムービー 1.mov"; sourceTree = "<group>"; };
		298F45C524EFC5D000E60CAB /* tabaco.png */ = {isa = PBXFileReference; lastKnownFileType = image.png; name = tabaco.png; path = ../../../tabaco.png; sourceTree = "<group>"; };
		298F45C724EFC66100E60CAB /* tabacoIcon.png */ = {isa = PBXFileReference; lastKnownFileType = image.png; name = tabacoIcon.png; path = ../../../tabacoIcon.png; sourceTree = "<group>"; };
		413A7E00B46D6AB4A9B51BAF /* Pods_TikTokApp.framework */ = {isa = PBXFileReference; explicitFileType = wrapper.framework; includeInIndex = 0; path = Pods_TikTokApp.framework; sourceTree = BUILT_PRODUCTS_DIR; };
		9267F13D8107480042E6FCC8 /* Pods-TikTokApp.debug.xcconfig */ = {isa = PBXFileReference; includeInIndex = 1; lastKnownFileType = text.xcconfig; name = "Pods-TikTokApp.debug.xcconfig"; path = "Target Support Files/Pods-TikTokApp/Pods-TikTokApp.debug.xcconfig"; sourceTree = "<group>"; };
		B6CDE982CF6B51995E1E086D /* Pods-TikTokApp.release.xcconfig */ = {isa = PBXFileReference; includeInIndex = 1; lastKnownFileType = text.xcconfig; name = "Pods-TikTokApp.release.xcconfig"; path = "Target Support Files/Pods-TikTokApp/Pods-TikTokApp.release.xcconfig"; sourceTree = "<group>"; };
		C43930392BDC344302849852 /* Pods_TikTokAppTests.framework */ = {isa = PBXFileReference; explicitFileType = wrapper.framework; includeInIndex = 0; path = Pods_TikTokAppTests.framework; sourceTree = BUILT_PRODUCTS_DIR; };
/* End PBXFileReference section */

/* Begin PBXFrameworksBuildPhase section */
		298F453C24ED351E00E60CAB /* Frameworks */ = {
			isa = PBXFrameworksBuildPhase;
			buildActionMask = 2147483647;
			files = (
				585358C47D4E9A667CCA1032 /* Pods_TikTokApp.framework in Frameworks */,
			);
			runOnlyForDeploymentPostprocessing = 0;
		};
		298F455224ED352000E60CAB /* Frameworks */ = {
			isa = PBXFrameworksBuildPhase;
			buildActionMask = 2147483647;
			files = (
				B8918E054CCD44C2997282CE /* Pods_TikTokAppTests.framework in Frameworks */,
			);
			runOnlyForDeploymentPostprocessing = 0;
		};
/* End PBXFrameworksBuildPhase section */

/* Begin PBXGroup section */
		169FA943560429A1D09590DA /* Frameworks */ = {
			isa = PBXGroup;
			children = (
				413A7E00B46D6AB4A9B51BAF /* Pods_TikTokApp.framework */,
				C43930392BDC344302849852 /* Pods_TikTokAppTests.framework */,
			);
			name = Frameworks;
			sourceTree = "<group>";
		};
		29113A1424FAAEC700B5B9BC /* Chat */ = {
			isa = PBXGroup;
			children = (
				29113A1524FAAEDB00B5B9BC /* Message.swift */,
				29113A1924FAB15500B5B9BC /* ChatMessageViewController.swift */,
				29113A1B24FAB43600B5B9BC /* LoginViewController.swift */,
			);
			path = Chat;
			sourceTree = "<group>";
		};
		29113A2724FD274200B5B9BC /* ChatView */ = {
			isa = PBXGroup;
			children = (
				29113A0C24FA8BB400B5B9BC /* ChatViewController.swift */,
				29113A1D24FCF81800B5B9BC /* ChatTableViewCell.swift */,
				29113A1E24FCF81800B5B9BC /* ChatTableViewCell.xib */,
				29113A2324FD0C4500B5B9BC /* OtherChatTableViewCell.swift */,
				29113A2424FD0C4500B5B9BC /* OtherChatTableViewCell.xib */,
			);
			path = ChatView;
			sourceTree = "<group>";
		};
		298F453624ED351E00E60CAB = {
			isa = PBXGroup;
			children = (
				29113A2724FD274200B5B9BC /* ChatView */,
				29113A1424FAAEC700B5B9BC /* Chat */,
				298F457524ED36B900E60CAB /* Source */,
				298F459724ED380D00E60CAB /* ShareModal */,
				298F456424ED366D00E60CAB /* ModalView */,
				298F459224ED36FC00E60CAB /* TabBar */,
				298F454124ED351E00E60CAB /* TikTokApp */,
				298F455824ED352000E60CAB /* TikTokAppTests */,
				298F454024ED351E00E60CAB /* Products */,
				90D2905DF005B83A45CF42DB /* Pods */,
				169FA943560429A1D09590DA /* Frameworks */,
			);
			sourceTree = "<group>";
		};
		298F454024ED351E00E60CAB /* Products */ = {
			isa = PBXGroup;
			children = (
				298F453F24ED351E00E60CAB /* TikTokApp.app */,
				298F455524ED352000E60CAB /* TikTokAppTests.xctest */,
			);
			name = Products;
			sourceTree = "<group>";
		};
		298F454124ED351E00E60CAB /* TikTokApp */ = {
			isa = PBXGroup;
			children = (
				29113A0E24FA8E6F00B5B9BC /* GoogleService-Info.plist */,
				298F454224ED351E00E60CAB /* AppDelegate.swift */,
				298F454424ED351E00E60CAB /* SceneDelegate.swift */,
				298F454624ED351E00E60CAB /* ViewController.swift */,
				298F454824ED351E00E60CAB /* Main.storyboard */,
				298F454B24ED352000E60CAB /* Assets.xcassets */,
				298F454D24ED352000E60CAB /* LaunchScreen.storyboard */,
				298F455024ED352000E60CAB /* Info.plist */,
			);
			path = TikTokApp;
			sourceTree = "<group>";
		};
		298F455824ED352000E60CAB /* TikTokAppTests */ = {
			isa = PBXGroup;
			children = (
				298F455924ED352000E60CAB /* TikTokAppTests.swift */,
				298F455B24ED352000E60CAB /* Info.plist */,
			);
			path = TikTokAppTests;
			sourceTree = "<group>";
		};
		298F456424ED366D00E60CAB /* ModalView */ = {
			isa = PBXGroup;
			children = (
				298F456D24ED368400E60CAB /* DismissAnimator.swift */,
				298F456C24ED368400E60CAB /* ModalPresentationController.swift */,
				298F456B24ED368400E60CAB /* OverCurrentTransitionable.swift */,
				298F456924ED368400E60CAB /* OverCurrentTransitioningInteractor.swift */,
				298F459A24ED38AC00E60CAB /* SemiModalViewController.storyboard */,
				298F456A24ED368400E60CAB /* SemiModalViewController.swift */,
				298F456524ED366D00E60CAB /* CustomTableViewCell.xib */,
				298F456624ED366D00E60CAB /* CustomTableViewCell.swift */,
			);
			name = ModalView;
			path = ../TickTockApp/TickTockApp/ModalView;
			sourceTree = "<group>";
		};
		298F457524ED36B900E60CAB /* Source */ = {
			isa = PBXGroup;
			children = (
				29113A2124FD045800B5B9BC /* icon0032.png */,
				298F45C724EFC66100E60CAB /* tabacoIcon.png */,
				298F45C524EFC5D000E60CAB /* tabaco.png */,
				298F45BF24EFBBF400E60CAB /* IMG_2182.mov */,
				298F45C324EFBD4000E60CAB /* マイムービー 1.mov */,
				298F45BD24EEB8D200E60CAB /* IMG_2227.mov */,
				298F45BB24EEB81D00E60CAB /* 画面収録 2020-08-05 20.22.20.mov */,
				298F45B924EE94C300E60CAB /* ブックマークのアイコン4.png */,
				298F45B724EE940400E60CAB /* 無料のダウンロードのアイコン素材.png */,
				298F45B524EE938100E60CAB /* 失恋アイコン2.png */,
				298F45B024EE926A00E60CAB /* フラッグアイコン142.png */,
				298F45AE24EE918E00E60CAB /* フラッグアイコン14.png */,
				298F45A624ED726D00E60CAB /* facebookicon.png */,
				298F45A724ED726D00E60CAB /* instagramicom.png */,
				298F45A824ED726D00E60CAB /* lineicon.png */,
				298F45A424ED726D00E60CAB /* messangericon.png */,
				298F45A524ED726D00E60CAB /* twittericon.png */,
				298F457D24ED36C600E60CAB /* banana (1).png */,
				298F457B24ED36C600E60CAB /* banana.png */,
				298F457724ED36C600E60CAB /* cellHeart.png */,
				298F458024ED36C600E60CAB /* E38390E3838AE3838A.png */,
				298F458224ED36C600E60CAB /* IMG_0087.JPG */,
				298F457824ED36C600E60CAB /* RedHeart.png */,
				298F457A24ED36C600E60CAB /* コメントのアイコン素材 その3 (1).png */,
				298F457C24ED36C600E60CAB /* シェア矢印アイコン.png */,
				298F457624ED36C600E60CAB /* スクリーンショット 2020-08-16 20.48.19.png */,
				298F458324ED36C600E60CAB /* スクリーンショット 2020-08-16 22.16.42.png */,
				298F457924ED36C600E60CAB /* ハートのアイコン素材 1.png */,
				298F457E24ED36C600E60CAB /* 家の線画イラスト (1).png */,
				298F458124ED36C600E60CAB /* 家の線画イラスト.png */,
			);
			name = Source;
			path = ../TickTockApp/TickTockApp/Source;
			sourceTree = "<group>";
		};
		298F459224ED36FC00E60CAB /* TabBar */ = {
			isa = PBXGroup;
			children = (
				298F459324ED36FC00E60CAB /* ColorTabBarController.swift */,
				298F459424ED36FC00E60CAB /* tabBarColor.swift */,
			);
			name = TabBar;
			path = ../TickTockApp/TickTockApp/TabBar;
			sourceTree = "<group>";
		};
		298F459724ED380D00E60CAB /* ShareModal */ = {
			isa = PBXGroup;
			children = (
				298F45A024ED3AC700E60CAB /* ShareModalViewController.storyboard */,
				298F45A224ED3C0000E60CAB /* ShareViewController.swift */,
			);
			path = ShareModal;
			sourceTree = "<group>";
		};
		90D2905DF005B83A45CF42DB /* Pods */ = {
			isa = PBXGroup;
			children = (
				9267F13D8107480042E6FCC8 /* Pods-TikTokApp.debug.xcconfig */,
				B6CDE982CF6B51995E1E086D /* Pods-TikTokApp.release.xcconfig */,
				1A9258A60FAADB1E1CA30F5B /* Pods-TikTokAppTests.debug.xcconfig */,
				00911D69E89BCA2AD9FEC147 /* Pods-TikTokAppTests.release.xcconfig */,
			);
			path = Pods;
			sourceTree = "<group>";
		};
/* End PBXGroup section */

/* Begin PBXNativeTarget section */
		298F453E24ED351E00E60CAB /* TikTokApp */ = {
			isa = PBXNativeTarget;
			buildConfigurationList = 298F455E24ED352000E60CAB /* Build configuration list for PBXNativeTarget "TikTokApp" */;
			buildPhases = (
				AA6E54C22627C75FF41A3A7C /* [CP] Check Pods Manifest.lock */,
				298F453B24ED351E00E60CAB /* Sources */,
				298F453C24ED351E00E60CAB /* Frameworks */,
				298F453D24ED351E00E60CAB /* Resources */,
				A8B14C630F282EC14E9D1493 /* [CP] Embed Pods Frameworks */,
				114723F32F891FF497D69695 /* [CP] Copy Pods Resources */,
			);
			buildRules = (
			);
			dependencies = (
			);
			name = TikTokApp;
			productName = TikTokApp;
			productReference = 298F453F24ED351E00E60CAB /* TikTokApp.app */;
			productType = "com.apple.product-type.application";
		};
		298F455424ED352000E60CAB /* TikTokAppTests */ = {
			isa = PBXNativeTarget;
			buildConfigurationList = 298F456124ED352000E60CAB /* Build configuration list for PBXNativeTarget "TikTokAppTests" */;
			buildPhases = (
				5A4622FEFB7055AAD1D8D7DE /* [CP] Check Pods Manifest.lock */,
				298F455124ED352000E60CAB /* Sources */,
				298F455224ED352000E60CAB /* Frameworks */,
				298F455324ED352000E60CAB /* Resources */,
			);
			buildRules = (
			);
			dependencies = (
				298F455724ED352000E60CAB /* PBXTargetDependency */,
			);
			name = TikTokAppTests;
			productName = TikTokAppTests;
			productReference = 298F455524ED352000E60CAB /* TikTokAppTests.xctest */;
			productType = "com.apple.product-type.bundle.unit-test";
		};
/* End PBXNativeTarget section */

/* Begin PBXProject section */
		298F453724ED351E00E60CAB /* Project object */ = {
			isa = PBXProject;
			attributes = {
				LastSwiftUpdateCheck = 1160;
				LastUpgradeCheck = 1160;
				ORGANIZATIONNAME = "村上拓麻";
				TargetAttributes = {
					298F453E24ED351E00E60CAB = {
						CreatedOnToolsVersion = 11.6;
					};
					298F455424ED352000E60CAB = {
						CreatedOnToolsVersion = 11.6;
						TestTargetID = 298F453E24ED351E00E60CAB;
					};
				};
			};
			buildConfigurationList = 298F453A24ED351E00E60CAB /* Build configuration list for PBXProject "TikTokApp" */;
			compatibilityVersion = "Xcode 9.3";
			developmentRegion = en;
			hasScannedForEncodings = 0;
			knownRegions = (
				en,
				Base,
			);
			mainGroup = 298F453624ED351E00E60CAB;
			productRefGroup = 298F454024ED351E00E60CAB /* Products */;
			projectDirPath = "";
			projectRoot = "";
			targets = (
				298F453E24ED351E00E60CAB /* TikTokApp */,
				298F455424ED352000E60CAB /* TikTokAppTests */,
			);
		};
/* End PBXProject section */

/* Begin PBXResourcesBuildPhase section */
		298F453D24ED351E00E60CAB /* Resources */ = {
			isa = PBXResourcesBuildPhase;
			buildActionMask = 2147483647;
			files = (
				298F45AB24ED726D00E60CAB /* facebookicon.png in Resources */,
				298F459024ED36C600E60CAB /* IMG_0087.JPG in Resources */,
				298F454F24ED352000E60CAB /* LaunchScreen.storyboard in Resources */,
				298F45BE24EEB8D200E60CAB /* IMG_2227.mov in Resources */,
				298F458524ED36C600E60CAB /* cellHeart.png in Resources */,
				298F45AF24EE918E00E60CAB /* フラッグアイコン14.png in Resources */,
				298F458424ED36C600E60CAB /* スクリーンショット 2020-08-16 20.48.19.png in Resources */,
				298F454C24ED352000E60CAB /* Assets.xcassets in Resources */,
				298F458C24ED36C600E60CAB /* 家の線画イラスト (1).png in Resources */,
				298F458724ED36C600E60CAB /* ハートのアイコン素材 1.png in Resources */,
				298F459124ED36C600E60CAB /* スクリーンショット 2020-08-16 22.16.42.png in Resources */,
				29113A2224FD045900B5B9BC /* icon0032.png in Resources */,
				298F45A924ED726D00E60CAB /* messangericon.png in Resources */,
				298F456724ED366D00E60CAB /* CustomTableViewCell.xib in Resources */,
				298F45A124ED3AC800E60CAB /* ShareModalViewController.storyboard in Resources */,
				298F454A24ED351E00E60CAB /* Main.storyboard in Resources */,
				298F458824ED36C600E60CAB /* コメントのアイコン素材 その3 (1).png in Resources */,
				298F45AA24ED726D00E60CAB /* twittericon.png in Resources */,
				298F45C424EFBD4000E60CAB /* マイムービー 1.mov in Resources */,
				298F45BA24EE94C300E60CAB /* ブックマークのアイコン4.png in Resources */,
				29113A2624FD0C4500B5B9BC /* OtherChatTableViewCell.xib in Resources */,
				298F45B124EE926A00E60CAB /* フラッグアイコン142.png in Resources */,
				298F45B824EE940400E60CAB /* 無料のダウンロードのアイコン素材.png in Resources */,
				298F458624ED36C600E60CAB /* RedHeart.png in Resources */,
				298F45C024EFBBF400E60CAB /* IMG_2182.mov in Resources */,
				298F45BC24EEB81D00E60CAB /* 画面収録 2020-08-05 20.22.20.mov in Resources */,
				298F458F24ED36C600E60CAB /* 家の線画イラスト.png in Resources */,
				298F45AC24ED726D00E60CAB /* instagramicom.png in Resources */,
				298F458924ED36C600E60CAB /* banana.png in Resources */,
				298F45C824EFC66100E60CAB /* tabacoIcon.png in Resources */,
				298F458B24ED36C600E60CAB /* banana (1).png in Resources */,
				29113A0F24FA8E6F00B5B9BC /* GoogleService-Info.plist in Resources */,
				298F458E24ED36C600E60CAB /* E38390E3838AE3838A.png in Resources */,
				29113A2024FCF81800B5B9BC /* ChatTableViewCell.xib in Resources */,
				298F45C624EFC5D000E60CAB /* tabaco.png in Resources */,
				298F45B624EE938100E60CAB /* 失恋アイコン2.png in Resources */,
				298F45AD24ED726D00E60CAB /* lineicon.png in Resources */,
				298F458A24ED36C600E60CAB /* シェア矢印アイコン.png in Resources */,
				298F459B24ED38AC00E60CAB /* SemiModalViewController.storyboard in Resources */,
			);
			runOnlyForDeploymentPostprocessing = 0;
		};
		298F455324ED352000E60CAB /* Resources */ = {
			isa = PBXResourcesBuildPhase;
			buildActionMask = 2147483647;
			files = (
			);
			runOnlyForDeploymentPostprocessing = 0;
		};
/* End PBXResourcesBuildPhase section */

/* Begin PBXShellScriptBuildPhase section */
		114723F32F891FF497D69695 /* [CP] Copy Pods Resources */ = {
			isa = PBXShellScriptBuildPhase;
			buildActionMask = 2147483647;
			files = (
			);
			inputFileListPaths = (
				"${PODS_ROOT}/Target Support Files/Pods-TikTokApp/Pods-TikTokApp-resources-${CONFIGURATION}-input-files.xcfilelist",
			);
			name = "[CP] Copy Pods Resources";
			outputFileListPaths = (
				"${PODS_ROOT}/Target Support Files/Pods-TikTokApp/Pods-TikTokApp-resources-${CONFIGURATION}-output-files.xcfilelist",
			);
			runOnlyForDeploymentPostprocessing = 0;
			shellPath = /bin/sh;
			shellScript = "\"${PODS_ROOT}/Target Support Files/Pods-TikTokApp/Pods-TikTokApp-resources.sh\"\n";
			showEnvVarsInLog = 0;
		};
		5A4622FEFB7055AAD1D8D7DE /* [CP] Check Pods Manifest.lock */ = {
			isa = PBXShellScriptBuildPhase;
			buildActionMask = 2147483647;
			files = (
			);
			inputFileListPaths = (
			);
			inputPaths = (
				"${PODS_PODFILE_DIR_PATH}/Podfile.lock",
				"${PODS_ROOT}/Manifest.lock",
			);
			name = "[CP] Check Pods Manifest.lock";
			outputFileListPaths = (
			);
			outputPaths = (
				"$(DERIVED_FILE_DIR)/Pods-TikTokAppTests-checkManifestLockResult.txt",
			);
			runOnlyForDeploymentPostprocessing = 0;
			shellPath = /bin/sh;
			shellScript = "diff \"${PODS_PODFILE_DIR_PATH}/Podfile.lock\" \"${PODS_ROOT}/Manifest.lock\" > /dev/null\nif [ $? != 0 ] ; then\n    # print error to STDERR\n    echo \"error: The sandbox is not in sync with the Podfile.lock. Run 'pod install' or update your CocoaPods installation.\" >&2\n    exit 1\nfi\n# This output is used by Xcode 'outputs' to avoid re-running this script phase.\necho \"SUCCESS\" > \"${SCRIPT_OUTPUT_FILE_0}\"\n";
			showEnvVarsInLog = 0;
		};
		A8B14C630F282EC14E9D1493 /* [CP] Embed Pods Frameworks */ = {
			isa = PBXShellScriptBuildPhase;
			buildActionMask = 2147483647;
			files = (
			);
			inputFileListPaths = (
				"${PODS_ROOT}/Target Support Files/Pods-TikTokApp/Pods-TikTokApp-frameworks-${CONFIGURATION}-input-files.xcfilelist",
			);
			name = "[CP] Embed Pods Frameworks";
			outputFileListPaths = (
				"${PODS_ROOT}/Target Support Files/Pods-TikTokApp/Pods-TikTokApp-frameworks-${CONFIGURATION}-output-files.xcfilelist",
			);
			runOnlyForDeploymentPostprocessing = 0;
			shellPath = /bin/sh;
			shellScript = "\"${PODS_ROOT}/Target Support Files/Pods-TikTokApp/Pods-TikTokApp-frameworks.sh\"\n";
			showEnvVarsInLog = 0;
		};
		AA6E54C22627C75FF41A3A7C /* [CP] Check Pods Manifest.lock */ = {
			isa = PBXShellScriptBuildPhase;
			buildActionMask = 2147483647;
			files = (
			);
			inputFileListPaths = (
			);
			inputPaths = (
				"${PODS_PODFILE_DIR_PATH}/Podfile.lock",
				"${PODS_ROOT}/Manifest.lock",
			);
			name = "[CP] Check Pods Manifest.lock";
			outputFileListPaths = (
			);
			outputPaths = (
				"$(DERIVED_FILE_DIR)/Pods-TikTokApp-checkManifestLockResult.txt",
			);
			runOnlyForDeploymentPostprocessing = 0;
			shellPath = /bin/sh;
			shellScript = "diff \"${PODS_PODFILE_DIR_PATH}/Podfile.lock\" \"${PODS_ROOT}/Manifest.lock\" > /dev/null\nif [ $? != 0 ] ; then\n    # print error to STDERR\n    echo \"error: The sandbox is not in sync with the Podfile.lock. Run 'pod install' or update your CocoaPods installation.\" >&2\n    exit 1\nfi\n# This output is used by Xcode 'outputs' to avoid re-running this script phase.\necho \"SUCCESS\" > \"${SCRIPT_OUTPUT_FILE_0}\"\n";
			showEnvVarsInLog = 0;
		};
/* End PBXShellScriptBuildPhase section */

/* Begin PBXSourcesBuildPhase section */
		298F453B24ED351E00E60CAB /* Sources */ = {
			isa = PBXSourcesBuildPhase;
			buildActionMask = 2147483647;
			files = (
				298F457024ED368400E60CAB /* SemiModalViewController.swift in Sources */,
				298F454724ED351E00E60CAB /* ViewController.swift in Sources */,
				298F454324ED351E00E60CAB /* AppDelegate.swift in Sources */,
				298F457224ED368400E60CAB /* ModalPresentationController.swift in Sources */,
				298F456F24ED368400E60CAB /* OverCurrentTransitioningInteractor.swift in Sources */,
				298F459624ED36FC00E60CAB /* tabBarColor.swift in Sources */,
				298F45A324ED3C0000E60CAB /* ShareViewController.swift in Sources */,
				298F459524ED36FC00E60CAB /* ColorTabBarController.swift in Sources */,
				29113A2524FD0C4500B5B9BC /* OtherChatTableViewCell.swift in Sources */,
				298F456824ED366D00E60CAB /* CustomTableViewCell.swift in Sources */,
				29113A0D24FA8BB400B5B9BC /* ChatViewController.swift in Sources */,
				298F457124ED368400E60CAB /* OverCurrentTransitionable.swift in Sources */,
				298F457324ED368400E60CAB /* DismissAnimator.swift in Sources */,
				29113A1F24FCF81800B5B9BC /* ChatTableViewCell.swift in Sources */,
				29113A1C24FAB43600B5B9BC /* LoginViewController.swift in Sources */,
				298F454524ED351E00E60CAB /* SceneDelegate.swift in Sources */,
				29113A1624FAAEDB00B5B9BC /* Message.swift in Sources */,
				29113A1A24FAB15500B5B9BC /* ChatMessageViewController.swift in Sources */,
			);
			runOnlyForDeploymentPostprocessing = 0;
		};
		298F455124ED352000E60CAB /* Sources */ = {
			isa = PBXSourcesBuildPhase;
			buildActionMask = 2147483647;
			files = (
				298F455A24ED352000E60CAB /* TikTokAppTests.swift in Sources */,
			);
			runOnlyForDeploymentPostprocessing = 0;
		};
/* End PBXSourcesBuildPhase section */

/* Begin PBXTargetDependency section */
		298F455724ED352000E60CAB /* PBXTargetDependency */ = {
			isa = PBXTargetDependency;
			target = 298F453E24ED351E00E60CAB /* TikTokApp */;
			targetProxy = 298F455624ED352000E60CAB /* PBXContainerItemProxy */;
		};
/* End PBXTargetDependency section */

/* Begin PBXVariantGroup section */
		298F454824ED351E00E60CAB /* Main.storyboard */ = {
			isa = PBXVariantGroup;
			children = (
				298F454924ED351E00E60CAB /* Base */,
			);
			name = Main.storyboard;
			sourceTree = "<group>";
		};
		298F454D24ED352000E60CAB /* LaunchScreen.storyboard */ = {
			isa = PBXVariantGroup;
			children = (
				298F454E24ED352000E60CAB /* Base */,
			);
			name = LaunchScreen.storyboard;
			sourceTree = "<group>";
		};
/* End PBXVariantGroup section */

/* Begin XCBuildConfiguration section */
		298F455C24ED352000E60CAB /* Debug */ = {
			isa = XCBuildConfiguration;
			buildSettings = {
				ALWAYS_SEARCH_USER_PATHS = NO;
				CLANG_ANALYZER_NONNULL = YES;
				CLANG_ANALYZER_NUMBER_OBJECT_CONVERSION = YES_AGGRESSIVE;
				CLANG_CXX_LANGUAGE_STANDARD = "gnu++14";
				CLANG_CXX_LIBRARY = "libc++";
				CLANG_ENABLE_MODULES = YES;
				CLANG_ENABLE_OBJC_ARC = YES;
				CLANG_ENABLE_OBJC_WEAK = YES;
				CLANG_WARN_BLOCK_CAPTURE_AUTORELEASING = YES;
				CLANG_WARN_BOOL_CONVERSION = YES;
				CLANG_WARN_COMMA = YES;
				CLANG_WARN_CONSTANT_CONVERSION = YES;
				CLANG_WARN_DEPRECATED_OBJC_IMPLEMENTATIONS = YES;
				CLANG_WARN_DIRECT_OBJC_ISA_USAGE = YES_ERROR;
				CLANG_WARN_DOCUMENTATION_COMMENTS = YES;
				CLANG_WARN_EMPTY_BODY = YES;
				CLANG_WARN_ENUM_CONVERSION = YES;
				CLANG_WARN_INFINITE_RECURSION = YES;
				CLANG_WARN_INT_CONVERSION = YES;
				CLANG_WARN_NON_LITERAL_NULL_CONVERSION = YES;
				CLANG_WARN_OBJC_IMPLICIT_RETAIN_SELF = YES;
				CLANG_WARN_OBJC_LITERAL_CONVERSION = YES;
				CLANG_WARN_OBJC_ROOT_CLASS = YES_ERROR;
				CLANG_WARN_RANGE_LOOP_ANALYSIS = YES;
				CLANG_WARN_STRICT_PROTOTYPES = YES;
				CLANG_WARN_SUSPICIOUS_MOVE = YES;
				CLANG_WARN_UNGUARDED_AVAILABILITY = YES_AGGRESSIVE;
				CLANG_WARN_UNREACHABLE_CODE = YES;
				CLANG_WARN__DUPLICATE_METHOD_MATCH = YES;
				COPY_PHASE_STRIP = NO;
				DEBUG_INFORMATION_FORMAT = dwarf;
				ENABLE_STRICT_OBJC_MSGSEND = YES;
				ENABLE_TESTABILITY = YES;
				GCC_C_LANGUAGE_STANDARD = gnu11;
				GCC_DYNAMIC_NO_PIC = NO;
				GCC_NO_COMMON_BLOCKS = YES;
				GCC_OPTIMIZATION_LEVEL = 0;
				GCC_PREPROCESSOR_DEFINITIONS = (
					"DEBUG=1",
					"$(inherited)",
				);
				GCC_WARN_64_TO_32_BIT_CONVERSION = YES;
				GCC_WARN_ABOUT_RETURN_TYPE = YES_ERROR;
				GCC_WARN_UNDECLARED_SELECTOR = YES;
				GCC_WARN_UNINITIALIZED_AUTOS = YES_AGGRESSIVE;
				GCC_WARN_UNUSED_FUNCTION = YES;
				GCC_WARN_UNUSED_VARIABLE = YES;
				IPHONEOS_DEPLOYMENT_TARGET = 13.6;
				MTL_ENABLE_DEBUG_INFO = INCLUDE_SOURCE;
				MTL_FAST_MATH = YES;
				ONLY_ACTIVE_ARCH = YES;
				SDKROOT = iphoneos;
				SWIFT_ACTIVE_COMPILATION_CONDITIONS = DEBUG;
				SWIFT_OPTIMIZATION_LEVEL = "-Onone";
			};
			name = Debug;
		};
		298F455D24ED352000E60CAB /* Release */ = {
			isa = XCBuildConfiguration;
			buildSettings = {
				ALWAYS_SEARCH_USER_PATHS = NO;
				CLANG_ANALYZER_NONNULL = YES;
				CLANG_ANALYZER_NUMBER_OBJECT_CONVERSION = YES_AGGRESSIVE;
				CLANG_CXX_LANGUAGE_STANDARD = "gnu++14";
				CLANG_CXX_LIBRARY = "libc++";
				CLANG_ENABLE_MODULES = YES;
				CLANG_ENABLE_OBJC_ARC = YES;
				CLANG_ENABLE_OBJC_WEAK = YES;
				CLANG_WARN_BLOCK_CAPTURE_AUTORELEASING = YES;
				CLANG_WARN_BOOL_CONVERSION = YES;
				CLANG_WARN_COMMA = YES;
				CLANG_WARN_CONSTANT_CONVERSION = YES;
				CLANG_WARN_DEPRECATED_OBJC_IMPLEMENTATIONS = YES;
				CLANG_WARN_DIRECT_OBJC_ISA_USAGE = YES_ERROR;
				CLANG_WARN_DOCUMENTATION_COMMENTS = YES;
				CLANG_WARN_EMPTY_BODY = YES;
				CLANG_WARN_ENUM_CONVERSION = YES;
				CLANG_WARN_INFINITE_RECURSION = YES;
				CLANG_WARN_INT_CONVERSION = YES;
				CLANG_WARN_NON_LITERAL_NULL_CONVERSION = YES;
				CLANG_WARN_OBJC_IMPLICIT_RETAIN_SELF = YES;
				CLANG_WARN_OBJC_LITERAL_CONVERSION = YES;
				CLANG_WARN_OBJC_ROOT_CLASS = YES_ERROR;
				CLANG_WARN_RANGE_LOOP_ANALYSIS = YES;
				CLANG_WARN_STRICT_PROTOTYPES = YES;
				CLANG_WARN_SUSPICIOUS_MOVE = YES;
				CLANG_WARN_UNGUARDED_AVAILABILITY = YES_AGGRESSIVE;
				CLANG_WARN_UNREACHABLE_CODE = YES;
				CLANG_WARN__DUPLICATE_METHOD_MATCH = YES;
				COPY_PHASE_STRIP = NO;
				DEBUG_INFORMATION_FORMAT = "dwarf-with-dsym";
				ENABLE_NS_ASSERTIONS = NO;
				ENABLE_STRICT_OBJC_MSGSEND = YES;
				GCC_C_LANGUAGE_STANDARD = gnu11;
				GCC_NO_COMMON_BLOCKS = YES;
				GCC_WARN_64_TO_32_BIT_CONVERSION = YES;
				GCC_WARN_ABOUT_RETURN_TYPE = YES_ERROR;
				GCC_WARN_UNDECLARED_SELECTOR = YES;
				GCC_WARN_UNINITIALIZED_AUTOS = YES_AGGRESSIVE;
				GCC_WARN_UNUSED_FUNCTION = YES;
				GCC_WARN_UNUSED_VARIABLE = YES;
				IPHONEOS_DEPLOYMENT_TARGET = 13.6;
				MTL_ENABLE_DEBUG_INFO = NO;
				MTL_FAST_MATH = YES;
				SDKROOT = iphoneos;
				SWIFT_COMPILATION_MODE = wholemodule;
				SWIFT_OPTIMIZATION_LEVEL = "-O";
				VALIDATE_PRODUCT = YES;
			};
			name = Release;
		};
		298F455F24ED352000E60CAB /* Debug */ = {
			isa = XCBuildConfiguration;
			baseConfigurationReference = 9267F13D8107480042E6FCC8 /* Pods-TikTokApp.debug.xcconfig */;
			buildSettings = {
				ASSETCATALOG_COMPILER_APPICON_NAME = AppIcon;
				CODE_SIGN_STYLE = Automatic;
				DEVELOPMENT_TEAM = 2MFF7GBV57;
				INFOPLIST_FILE = TikTokApp/Info.plist;
				LD_RUNPATH_SEARCH_PATHS = (
					"$(inherited)",
					"@executable_path/Frameworks",
				);
				PRODUCT_BUNDLE_IDENTIFIER = elpmas.TikTokApp;
				PRODUCT_NAME = "$(TARGET_NAME)";
				SWIFT_VERSION = 5.0;
				TARGETED_DEVICE_FAMILY = "1,2";
			};
			name = Debug;
		};
		298F456024ED352000E60CAB /* Release */ = {
			isa = XCBuildConfiguration;
			baseConfigurationReference = B6CDE982CF6B51995E1E086D /* Pods-TikTokApp.release.xcconfig */;
			buildSettings = {
				ASSETCATALOG_COMPILER_APPICON_NAME = AppIcon;
				CODE_SIGN_STYLE = Automatic;
				DEVELOPMENT_TEAM = 2MFF7GBV57;
				INFOPLIST_FILE = TikTokApp/Info.plist;
				LD_RUNPATH_SEARCH_PATHS = (
					"$(inherited)",
					"@executable_path/Frameworks",
				);
				PRODUCT_BUNDLE_IDENTIFIER = elpmas.TikTokApp;
				PRODUCT_NAME = "$(TARGET_NAME)";
				SWIFT_VERSION = 5.0;
				TARGETED_DEVICE_FAMILY = "1,2";
			};
			name = Release;
		};
		298F456224ED352000E60CAB /* Debug */ = {
			isa = XCBuildConfiguration;
			baseConfigurationReference = 1A9258A60FAADB1E1CA30F5B /* Pods-TikTokAppTests.debug.xcconfig */;
			buildSettings = {
				ALWAYS_EMBED_SWIFT_STANDARD_LIBRARIES = YES;
				BUNDLE_LOADER = "$(TEST_HOST)";
				CODE_SIGN_STYLE = Automatic;
				DEVELOPMENT_TEAM = 2MFF7GBV57;
				INFOPLIST_FILE = TikTokAppTests/Info.plist;
				IPHONEOS_DEPLOYMENT_TARGET = 13.6;
				LD_RUNPATH_SEARCH_PATHS = (
					"$(inherited)",
					"@executable_path/Frameworks",
					"@loader_path/Frameworks",
				);
				PRODUCT_BUNDLE_IDENTIFIER = elpmas.TikTokAppTests;
				PRODUCT_NAME = "$(TARGET_NAME)";
				SWIFT_VERSION = 5.0;
				TARGETED_DEVICE_FAMILY = "1,2";
				TEST_HOST = "$(BUILT_PRODUCTS_DIR)/TikTokApp.app/TikTokApp";
			};
			name = Debug;
		};
		298F456324ED352000E60CAB /* Release */ = {
			isa = XCBuildConfiguration;
			baseConfigurationReference = 00911D69E89BCA2AD9FEC147 /* Pods-TikTokAppTests.release.xcconfig */;
			buildSettings = {
				ALWAYS_EMBED_SWIFT_STANDARD_LIBRARIES = YES;
				BUNDLE_LOADER = "$(TEST_HOST)";
				CODE_SIGN_STYLE = Automatic;
				DEVELOPMENT_TEAM = 2MFF7GBV57;
				INFOPLIST_FILE = TikTokAppTests/Info.plist;
				IPHONEOS_DEPLOYMENT_TARGET = 13.6;
				LD_RUNPATH_SEARCH_PATHS = (
					"$(inherited)",
					"@executable_path/Frameworks",
					"@loader_path/Frameworks",
				);
				PRODUCT_BUNDLE_IDENTIFIER = elpmas.TikTokAppTests;
				PRODUCT_NAME = "$(TARGET_NAME)";
				SWIFT_VERSION = 5.0;
				TARGETED_DEVICE_FAMILY = "1,2";
				TEST_HOST = "$(BUILT_PRODUCTS_DIR)/TikTokApp.app/TikTokApp";
			};
			name = Release;
		};
/* End XCBuildConfiguration section */

/* Begin XCConfigurationList section */
		298F453A24ED351E00E60CAB /* Build configuration list for PBXProject "TikTokApp" */ = {
			isa = XCConfigurationList;
			buildConfigurations = (
				298F455C24ED352000E60CAB /* Debug */,
				298F455D24ED352000E60CAB /* Release */,
			);
			defaultConfigurationIsVisible = 0;
			defaultConfigurationName = Release;
		};
		298F455E24ED352000E60CAB /* Build configuration list for PBXNativeTarget "TikTokApp" */ = {
			isa = XCConfigurationList;
			buildConfigurations = (
				298F455F24ED352000E60CAB /* Debug */,
				298F456024ED352000E60CAB /* Release */,
			);
			defaultConfigurationIsVisible = 0;
			defaultConfigurationName = Release;
		};
		298F456124ED352000E60CAB /* Build configuration list for PBXNativeTarget "TikTokAppTests" */ = {
			isa = XCConfigurationList;
			buildConfigurations = (
				298F456224ED352000E60CAB /* Debug */,
				298F456324ED352000E60CAB /* Release */,
			);
			defaultConfigurationIsVisible = 0;
			defaultConfigurationName = Release;
		};
/* End XCConfigurationList section */
	};
	rootObject = 298F453724ED351E00E60CAB /* Project object */;
}
